
Microsoft Visual Studio Solution File, Format Version 12.00
# Visual Studio Version 17
VisualStudioVersion = 17.8.34330.188
MinimumVisualStudioVersion = 10.0.40219.1
Project("{FAE04EC0-301F-11D3-BF4B-00C04F79EFBC}") = "oauth2_google", "oauth2_google\oauth2_google.csproj", "{6BEC5DF2-C3BA-4423-AC85-8D3E9B5890CA}"
EndProject
Global
	GlobalSection(SolutionConfigurationPlatforms) = preSolution
		Debug|Any CPU = Debug|Any CPU
		Release|Any CPU = Release|Any CPU
	EndGlobalSection
	GlobalSection(ProjectConfigurationPlatforms) = postSolution
		{6BEC5DF2-C3BA-4423-AC85-8D3E9B5890CA}.Debug|Any CPU.ActiveCfg = Debug|Any CPU
		{6BEC5DF2-C3BA-4423-AC85-8D3E9B5890CA}.Debug|Any CPU.Build.0 = Debug|Any CPU
		{6BEC5DF2-C3BA-4423-AC85-8D3E9B5890CA}.Release|Any CPU.ActiveCfg = Release|Any CPU
		{6BEC5DF2-C3BA-4423-AC85-8D3E9B5890CA}.Release|Any CPU.Build.0 = Release|Any CPU
	EndGlobalSection
	GlobalSection(SolutionProperties) = preSolution
		HideSolutionNode = FALSE
	EndGlobalSection
	GlobalSection(ExtensibilityGlobals) = postSolution
		SolutionGuid = {6AE4A863-7D30-4FB8-8E64-F481C54F325E}
	EndGlobalSection
EndGlobal
